
Microsoft Visual Studio Solution File, Format Version 10.00
# Visual Studio 2008
Project("{F184B08F-C81C-45F6-A57F-5ABD9991F28F}") = "prjYnotepadse", "prjYnotepadse.vbproj", "{0BB97189-DA0C-4E2C-BC83-4F77F2D0C8FE}"
EndProject
Global
	GlobalSection(SolutionConfigurationPlatforms) = preSolution
		Debug|Any CPU = Debug|Any CPU
		Release|Any CPU = Release|Any CPU
	EndGlobalSection
	GlobalSection(ProjectConfigurationPlatforms) = postSolution
		{0BB97189-DA0C-4E2C-BC83-4F77F2D0C8FE}.Debug|Any CPU.ActiveCfg = Debug|Any CPU
		{0BB97189-DA0C-4E2C-BC83-4F77F2D0C8FE}.Debug|Any CPU.Build.0 = Debug|Any CPU
		{0BB97189-DA0C-4E2C-BC83-4F77F2D0C8FE}.Release|Any CPU.ActiveCfg = Release|Any CPU
		{0BB97189-DA0C-4E2C-BC83-4F77F2D0C8FE}.Release|Any CPU.Build.0 = Release|Any CPU
	EndGlobalSection
	GlobalSection(SolutionProperties) = preSolution
		HideSolutionNode = FALSE
	EndGlobalSection
EndGlobal
